
Microsoft Visual Studio Solution File, Format Version 12.00
# Visual Studio Version 17
VisualStudioVersion = 17.14.36301.6
MinimumVisualStudioVersion = 10.0.40219.1
Project("{FAE04EC0-301F-11D3-BF4B-00C04F79EFBC}") = "IMS.App", "IMS.Application\IMS.App.csproj", "{4FEC3258-0D2D-44A3-9563-F97137CA68E2}"
EndProject
Project("{FAE04EC0-301F-11D3-BF4B-00C04F79EFBC}") = "IMS.Domain", "IMS.Domain\IMS.Domain.csproj", "{5D5A6931-875D-4216-8F8A-F97AA9179CC9}"
EndProject
Project("{FAE04EC0-301F-11D3-BF4B-00C04F79EFBC}") = "IMS.Infrastracture", "IMS.Infrastracture\IMS.Infrastracture.csproj", "{22FCC66A-B854-4F6D-8BFD-9C4D5E1418BB}"
EndProject
Project("{FAE04EC0-301F-11D3-BF4B-00C04F79EFBC}") = "IMS.Service", "IMS.Service\IMS.Service.csproj", "{E0D12A78-74A5-4482-B6AB-FE7CD757F381}"
EndProject
Global
	GlobalSection(SolutionConfigurationPlatforms) = preSolution
		Debug|Any CPU = Debug|Any CPU
		Release|Any CPU = Release|Any CPU
	EndGlobalSection
	GlobalSection(ProjectConfigurationPlatforms) = postSolution
		{4FEC3258-0D2D-44A3-9563-F97137CA68E2}.Debug|Any CPU.ActiveCfg = Debug|Any CPU
		{4FEC3258-0D2D-44A3-9563-F97137CA68E2}.Debug|Any CPU.Build.0 = Debug|Any CPU
		{4FEC3258-0D2D-44A3-9563-F97137CA68E2}.Release|Any CPU.ActiveCfg = Release|Any CPU
		{4FEC3258-0D2D-44A3-9563-F97137CA68E2}.Release|Any CPU.Build.0 = Release|Any CPU
		{5D5A6931-875D-4216-8F8A-F97AA9179CC9}.Debug|Any CPU.ActiveCfg = Debug|Any CPU
		{5D5A6931-875D-4216-8F8A-F97AA9179CC9}.Debug|Any CPU.Build.0 = Debug|Any CPU
		{5D5A6931-875D-4216-8F8A-F97AA9179CC9}.Release|Any CPU.ActiveCfg = Release|Any CPU
		{5D5A6931-875D-4216-8F8A-F97AA9179CC9}.Release|Any CPU.Build.0 = Release|Any CPU
		{22FCC66A-B854-4F6D-8BFD-9C4D5E1418BB}.Debug|Any CPU.ActiveCfg = Debug|Any CPU
		{22FCC66A-B854-4F6D-8BFD-9C4D5E1418BB}.Debug|Any CPU.Build.0 = Debug|Any CPU
		{22FCC66A-B854-4F6D-8BFD-9C4D5E1418BB}.Release|Any CPU.ActiveCfg = Release|Any CPU
		{22FCC66A-B854-4F6D-8BFD-9C4D5E1418BB}.Release|Any CPU.Build.0 = Release|Any CPU
		{E0D12A78-74A5-4482-B6AB-FE7CD757F381}.Debug|Any CPU.ActiveCfg = Debug|Any CPU
		{E0D12A78-74A5-4482-B6AB-FE7CD757F381}.Debug|Any CPU.Build.0 = Debug|Any CPU
		{E0D12A78-74A5-4482-B6AB-FE7CD757F381}.Release|Any CPU.ActiveCfg = Release|Any CPU
		{E0D12A78-74A5-4482-B6AB-FE7CD757F381}.Release|Any CPU.Build.0 = Release|Any CPU
	EndGlobalSection
	GlobalSection(SolutionProperties) = preSolution
		HideSolutionNode = FALSE
	EndGlobalSection
	GlobalSection(ExtensibilityGlobals) = postSolution
		SolutionGuid = {5CF4DD34-812C-4CFF-8D97-DD50BEE48922}
	EndGlobalSection
EndGlobal
